// !$*UTF8*$!
{
	archiveVersion = 1;
	classes = {
	};
	objectVersion = 50;
	objects = {

/* Begin PBXBuildFile section */
		5A5047B4248EBEBC00044DCA /* AppDelegate.swift in Sources */ = {isa = PBXBuildFile; fileRef = 5A5047B3248EBEBC00044DCA /* AppDelegate.swift */; };
		5A5047B6248EBEBC00044DCA /* SceneDelegate.swift in Sources */ = {isa = PBXBuildFile; fileRef = 5A5047B5248EBEBC00044DCA /* SceneDelegate.swift */; };
		5A5047B8248EBEBC00044DCA /* ContentView.swift in Sources */ = {isa = PBXBuildFile; fileRef = 5A5047B7248EBEBC00044DCA /* ContentView.swift */; };
		5A5047BA248EBEBE00044DCA /* Assets.xcassets in Resources */ = {isa = PBXBuildFile; fileRef = 5A5047B9248EBEBE00044DCA /* Assets.xcassets */; };
		5A5047BD248EBEBE00044DCA /* Preview Assets.xcassets in Resources */ = {isa = PBXBuildFile; fileRef = 5A5047BC248EBEBE00044DCA /* Preview Assets.xcassets */; };
		5A5047C0248EBEBE00044DCA /* LaunchScreen.storyboard in Resources */ = {isa = PBXBuildFile; fileRef = 5A5047BE248EBEBE00044DCA /* LaunchScreen.storyboard */; };
		5A5047CA248EC19100044DCA /* TextSwiftUIView.swift in Sources */ = {isa = PBXBuildFile; fileRef = 5A5047C9248EC19100044DCA /* TextSwiftUIView.swift */; };
		5A5047CC248EC23900044DCA /* ImageSwiftUIView.swift in Sources */ = {isa = PBXBuildFile; fileRef = 5A5047CB248EC23900044DCA /* ImageSwiftUIView.swift */; };
		5A5047CE248EC25C00044DCA /* VStackSwiftUIView.swift in Sources */ = {isa = PBXBuildFile; fileRef = 5A5047CD248EC25C00044DCA /* VStackSwiftUIView.swift */; };
		5A5047D0248EC28A00044DCA /* HStackSwiftUIView.swift in Sources */ = {isa = PBXBuildFile; fileRef = 5A5047CF248EC28A00044DCA /* HStackSwiftUIView.swift */; };
		5A5047D2248EC2A900044DCA /* ButtonSwiftUIView.swift in Sources */ = {isa = PBXBuildFile; fileRef = 5A5047D1248EC2A900044DCA /* ButtonSwiftUIView.swift */; };
		5A5047D4248EC2B800044DCA /* PickerSwiftUIView.swift in Sources */ = {isa = PBXBuildFile; fileRef = 5A5047D3248EC2B800044DCA /* PickerSwiftUIView.swift */; };
/* End PBXBuildFile section */

/* Begin PBXFileReference section */
		5A5047B0248EBEBC00044DCA /* swiftUIPractise.app */ = {isa = PBXFileReference; explicitFileType = wrapper.application; includeInIndex = 0; path = swiftUIPractise.app; sourceTree = BUILT_PRODUCTS_DIR; };
		5A5047B3248EBEBC00044DCA /* AppDelegate.swift */ = {isa = PBXFileReference; lastKnownFileType = sourcecode.swift; path = AppDelegate.swift; sourceTree = "<group>"; };
		5A5047B5248EBEBC00044DCA /* SceneDelegate.swift */ = {isa = PBXFileReference; lastKnownFileType = sourcecode.swift; path = SceneDelegate.swift; sourceTree = "<group>"; };
		5A5047B7248EBEBC00044DCA /* ContentView.swift */ = {isa = PBXFileReference; lastKnownFileType = sourcecode.swift; path = ContentView.swift; sourceTree = "<group>"; };
		5A5047B9248EBEBE00044DCA /* Assets.xcassets */ = {isa = PBXFileReference; lastKnownFileType = folder.assetcatalog; path = Assets.xcassets; sourceTree = "<group>"; };
		5A5047BC248EBEBE00044DCA /* Preview Assets.xcassets */ = {isa = PBXFileReference; lastKnownFileType = folder.assetcatalog; path = "Preview Assets.xcassets"; sourceTree = "<group>"; };
		5A5047BF248EBEBE00044DCA /* Base */ = {isa = PBXFileReference; lastKnownFileType = file.storyboard; name = Base; path = Base.lproj/LaunchScreen.storyboard; sourceTree = "<group>"; };
		5A5047C1248EBEBE00044DCA /* Info.plist */ = {isa = PBXFileReference; lastKnownFileType = text.plist.xml; path = Info.plist; sourceTree = "<group>"; };
		5A5047C9248EC19100044DCA /* TextSwiftUIView.swift */ = {isa = PBXFileReference; lastKnownFileType = sourcecode.swift; path = TextSwiftUIView.swift; sourceTree = "<group>"; };
		5A5047CB248EC23900044DCA /* ImageSwiftUIView.swift */ = {isa = PBXFileReference; lastKnownFileType = sourcecode.swift; path = ImageSwiftUIView.swift; sourceTree = "<group>"; };
		5A5047CD248EC25C00044DCA /* VStackSwiftUIView.swift */ = {isa = PBXFileReference; lastKnownFileType = sourcecode.swift; path = VStackSwiftUIView.swift; sourceTree = "<group>"; };
		5A5047CF248EC28A00044DCA /* HStackSwiftUIView.swift */ = {isa = PBXFileReference; lastKnownFileType = sourcecode.swift; path = HStackSwiftUIView.swift; sourceTree = "<group>"; };
		5A5047D1248EC2A900044DCA /* ButtonSwiftUIView.swift */ = {isa = PBXFileReference; lastKnownFileType = sourcecode.swift; path = ButtonSwiftUIView.swift; sourceTree = "<group>"; };
		5A5047D3248EC2B800044DCA /* PickerSwiftUIView.swift */ = {isa = PBXFileReference; lastKnownFileType = sourcecode.swift; path = PickerSwiftUIView.swift; sourceTree = "<group>"; };
/* End PBXFileReference section */

/* Begin PBXFrameworksBuildPhase section */
		5A5047AD248EBEBC00044DCA /* Frameworks */ = {
			isa = PBXFrameworksBuildPhase;
			buildActionMask = 2147483647;
			files = (
			);
			runOnlyForDeploymentPostprocessing = 0;
		};
/* End PBXFrameworksBuildPhase section */

/* Begin PBXGroup section */
		5A5047A7248EBEBC00044DCA = {
			isa = PBXGroup;
			children = (
				5A5047B2248EBEBC00044DCA /* swiftUIPractise */,
				5A5047B1248EBEBC00044DCA /* Products */,
			);
			sourceTree = "<group>";
		};
		5A5047B1248EBEBC00044DCA /* Products */ = {
			isa = PBXGroup;
			children = (
				5A5047B0248EBEBC00044DCA /* swiftUIPractise.app */,
			);
			name = Products;
			sourceTree = "<group>";
		};
		5A5047B2248EBEBC00044DCA /* swiftUIPractise */ = {
			isa = PBXGroup;
			children = (
				5A5047B3248EBEBC00044DCA /* AppDelegate.swift */,
				5A5047B5248EBEBC00044DCA /* SceneDelegate.swift */,
				5A5047B7248EBEBC00044DCA /* ContentView.swift */,
				5A5047B9248EBEBE00044DCA /* Assets.xcassets */,
				5A5047BE248EBEBE00044DCA /* LaunchScreen.storyboard */,
				5A5047C1248EBEBE00044DCA /* Info.plist */,
				5A5047BB248EBEBE00044DCA /* Preview Content */,
				5A5047C9248EC19100044DCA /* TextSwiftUIView.swift */,
				5A5047CB248EC23900044DCA /* ImageSwiftUIView.swift */,
				5A5047CD248EC25C00044DCA /* VStackSwiftUIView.swift */,
				5A5047CF248EC28A00044DCA /* HStackSwiftUIView.swift */,
				5A5047D1248EC2A900044DCA /* ButtonSwiftUIView.swift */,
				5A5047D3248EC2B800044DCA /* PickerSwiftUIView.swift */,
			);
			path = swiftUIPractise;
			sourceTree = "<group>";
		};
		5A5047BB248EBEBE00044DCA /* Preview Content */ = {
			isa = PBXGroup;
			children = (
				5A5047BC248EBEBE00044DCA /* Preview Assets.xcassets */,
			);
			path = "Preview Content";
			sourceTree = "<group>";
		};
/* End PBXGroup section */

/* Begin PBXNativeTarget section */
		5A5047AF248EBEBC00044DCA /* swiftUIPractise */ = {
			isa = PBXNativeTarget;
			buildConfigurationList = 5A5047C4248EBEBE00044DCA /* Build configuration list for PBXNativeTarget "swiftUIPractise" */;
			buildPhases = (
				5A5047AC248EBEBC00044DCA /* Sources */,
				5A5047AD248EBEBC00044DCA /* Frameworks */,
				5A5047AE248EBEBC00044DCA /* Resources */,
			);
			buildRules = (
			);
			dependencies = (
			);
			name = swiftUIPractise;
			productName = swiftUIPractise;
			productReference = 5A5047B0248EBEBC00044DCA /* swiftUIPractise.app */;
			productType = "com.apple.product-type.application";
		};
/* End PBXNativeTarget section */

/* Begin PBXProject section */
		5A5047A8248EBEBC00044DCA /* Project object */ = {
			isa = PBXProject;
			attributes = {
				LastSwiftUpdateCheck = 1120;
				LastUpgradeCheck = 1120;
				ORGANIZATIONNAME = "Saket Kumar";
				TargetAttributes = {
					5A5047AF248EBEBC00044DCA = {
						CreatedOnToolsVersion = 11.2.1;
					};
				};
			};
			buildConfigurationList = 5A5047AB248EBEBC00044DCA /* Build configuration list for PBXProject "swiftUIPractise" */;
			compatibilityVersion = "Xcode 9.3";
			developmentRegion = en;
			hasScannedForEncodings = 0;
			knownRegions = (
				en,
				Base,
			);
			mainGroup = 5A5047A7248EBEBC00044DCA;
			productRefGroup = 5A5047B1248EBEBC00044DCA /* Products */;
			projectDirPath = "";
			projectRoot = "";
			targets = (
				5A5047AF248EBEBC00044DCA /* swiftUIPractise */,
			);
		};
/* End PBXProject section */

/* Begin PBXResourcesBuildPhase section */
		5A5047AE248EBEBC00044DCA /* Resources */ = {
			isa = PBXResourcesBuildPhase;
			buildActionMask = 2147483647;
			files = (
				5A5047C0248EBEBE00044DCA /* LaunchScreen.storyboard in Resources */,
				5A5047BD248EBEBE00044DCA /* Preview Assets.xcassets in Resources */,
				5A5047BA248EBEBE00044DCA /* Assets.xcassets in Resources */,
			);
			runOnlyForDeploymentPostprocessing = 0;
		};
/* End PBXResourcesBuildPhase section */

/* Begin PBXSourcesBuildPhase section */
		5A5047AC248EBEBC00044DCA /* Sources */ = {
			isa = PBXSourcesBuildPhase;
			buildActionMask = 2147483647;
			files = (
				5A5047CE248EC25C00044DCA /* VStackSwiftUIView.swift in Sources */,
				5A5047D0248EC28A00044DCA /* HStackSwiftUIView.swift in Sources */,
				5A5047B4248EBEBC00044DCA /* AppDelegate.swift in Sources */,
				5A5047D4248EC2B800044DCA /* PickerSwiftUIView.swift in Sources */,
				5A5047B6248EBEBC00044DCA /* SceneDelegate.swift in Sources */,
				5A5047D2248EC2A900044DCA /* ButtonSwiftUIView.swift in Sources */,
				5A5047B8248EBEBC00044DCA /* ContentView.swift in Sources */,
				5A5047CA248EC19100044DCA /* TextSwiftUIView.swift in Sources */,
				5A5047CC248EC23900044DCA /* ImageSwiftUIView.swift in Sources */,
			);
			runOnlyForDeploymentPostprocessing = 0;
		};
/* End PBXSourcesBuildPhase section */

/* Begin PBXVariantGroup section */
		5A5047BE248EBEBE00044DCA /* LaunchScreen.storyboard */ = {
			isa = PBXVariantGroup;
			children = (
				5A5047BF248EBEBE00044DCA /* Base */,
			);
			name = LaunchScreen.storyboard;
			sourceTree = "<group>";
		};
/* End PBXVariantGroup section */

/* Begin XCBuildConfiguration section */
		5A5047C2248EBEBE00044DCA /* Debug */ = {
			isa = XCBuildConfiguration;
			buildSettings = {
				ALWAYS_SEARCH_USER_PATHS = NO;
				CLANG_ANALYZER_NONNULL = YES;
				CLANG_ANALYZER_NUMBER_OBJECT_CONVERSION = YES_AGGRESSIVE;
				CLANG_CXX_LANGUAGE_STANDARD = "gnu++14";
				CLANG_CXX_LIBRARY = "libc++";
				CLANG_ENABLE_MODULES = YES;
				CLANG_ENABLE_OBJC_ARC = YES;
				CLANG_ENABLE_OBJC_WEAK = YES;
				CLANG_WARN_BLOCK_CAPTURE_AUTORELEASING = YES;
				CLANG_WARN_BOOL_CONVERSION = YES;
				CLANG_WARN_COMMA = YES;
				CLANG_WARN_CONSTANT_CONVERSION = YES;
				CLANG_WARN_DEPRECATED_OBJC_IMPLEMENTATIONS = YES;
				CLANG_WARN_DIRECT_OBJC_ISA_USAGE = YES_ERROR;
				CLANG_WARN_DOCUMENTATION_COMMENTS = YES;
				CLANG_WARN_EMPTY_BODY = YES;
				CLANG_WARN_ENUM_CONVERSION = YES;
				CLANG_WARN_INFINITE_RECURSION = YES;
				CLANG_WARN_INT_CONVERSION = YES;
				CLANG_WARN_NON_LITERAL_NULL_CONVERSION = YES;
				CLANG_WARN_OBJC_IMPLICIT_RETAIN_SELF = YES;
				CLANG_WARN_OBJC_LITERAL_CONVERSION = YES;
				CLANG_WARN_OBJC_ROOT_CLASS = YES_ERROR;
				CLANG_WARN_RANGE_LOOP_ANALYSIS = YES;
				CLANG_WARN_STRICT_PROTOTYPES = YES;
				CLANG_WARN_SUSPICIOUS_MOVE = YES;
				CLANG_WARN_UNGUARDED_AVAILABILITY = YES_AGGRESSIVE;
				CLANG_WARN_UNREACHABLE_CODE = YES;
				CLANG_WARN__DUPLICATE_METHOD_MATCH = YES;
				COPY_PHASE_STRIP = NO;
				DEBUG_INFORMATION_FORMAT = dwarf;
				ENABLE_STRICT_OBJC_MSGSEND = YES;
				ENABLE_TESTABILITY = YES;
				GCC_C_LANGUAGE_STANDARD = gnu11;
				GCC_DYNAMIC_NO_PIC = NO;
				GCC_NO_COMMON_BLOCKS = YES;
				GCC_OPTIMIZATION_LEVEL = 0;
				GCC_PREPROCESSOR_DEFINITIONS = (
					"DEBUG=1",
					"$(inherited)",
				);
				GCC_WARN_64_TO_32_BIT_CONVERSION = YES;
				GCC_WARN_ABOUT_RETURN_TYPE = YES_ERROR;
				GCC_WARN_UNDECLARED_SELECTOR = YES;
				GCC_WARN_UNINITIALIZED_AUTOS = YES_AGGRESSIVE;
				GCC_WARN_UNUSED_FUNCTION = YES;
				GCC_WARN_UNUSED_VARIABLE = YES;
				IPHONEOS_DEPLOYMENT_TARGET = 13.2;
				MTL_ENABLE_DEBUG_INFO = INCLUDE_SOURCE;
				MTL_FAST_MATH = YES;
				ONLY_ACTIVE_ARCH = YES;
				SDKROOT = iphoneos;
				SWIFT_ACTIVE_COMPILATION_CONDITIONS = DEBUG;
				SWIFT_OPTIMIZATION_LEVEL = "-Onone";
			};
			name = Debug;
		};
		5A5047C3248EBEBE00044DCA /* Release */ = {
			isa = XCBuildConfiguration;
			buildSettings = {
				ALWAYS_SEARCH_USER_PATHS = NO;
				CLANG_ANALYZER_NONNULL = YES;
				CLANG_ANALYZER_NUMBER_OBJECT_CONVERSION = YES_AGGRESSIVE;
				CLANG_CXX_LANGUAGE_STANDARD = "gnu++14";
				CLANG_CXX_LIBRARY = "libc++";
				CLANG_ENABLE_MODULES = YES;
				CLANG_ENABLE_OBJC_ARC = YES;
				CLANG_ENABLE_OBJC_WEAK = YES;
				CLANG_WARN_BLOCK_CAPTURE_AUTORELEASING = YES;
				CLANG_WARN_BOOL_CONVERSION = YES;
				CLANG_WARN_COMMA = YES;
				CLANG_WARN_CONSTANT_CONVERSION = YES;
				CLANG_WARN_DEPRECATED_OBJC_IMPLEMENTATIONS = YES;
				CLANG_WARN_DIRECT_OBJC_ISA_USAGE = YES_ERROR;
				CLANG_WARN_DOCUMENTATION_COMMENTS = YES;
				CLANG_WARN_EMPTY_BODY = YES;
				CLANG_WARN_ENUM_CONVERSION = YES;
				CLANG_WARN_INFINITE_RECURSION = YES;
				CLANG_WARN_INT_CONVERSION = YES;
				CLANG_WARN_NON_LITERAL_NULL_CONVERSION = YES;
				CLANG_WARN_OBJC_IMPLICIT_RETAIN_SELF = YES;
				CLANG_WARN_OBJC_LITERAL_CONVERSION = YES;
				CLANG_WARN_OBJC_ROOT_CLASS = YES_ERROR;
				CLANG_WARN_RANGE_LOOP_ANALYSIS = YES;
				CLANG_WARN_STRICT_PROTOTYPES = YES;
				CLANG_WARN_SUSPICIOUS_MOVE = YES;
				CLANG_WARN_UNGUARDED_AVAILABILITY = YES_AGGRESSIVE;
				CLANG_WARN_UNREACHABLE_CODE = YES;
				CLANG_WARN__DUPLICATE_METHOD_MATCH = YES;
				COPY_PHASE_STRIP = NO;
				DEBUG_INFORMATION_FORMAT = "dwarf-with-dsym";
				ENABLE_NS_ASSERTIONS = NO;
				ENABLE_STRICT_OBJC_MSGSEND = YES;
				GCC_C_LANGUAGE_STANDARD = gnu11;
				GCC_NO_COMMON_BLOCKS = YES;
				GCC_WARN_64_TO_32_BIT_CONVERSION = YES;
				GCC_WARN_ABOUT_RETURN_TYPE = YES_ERROR;
				GCC_WARN_UNDECLARED_SELECTOR = YES;
				GCC_WARN_UNINITIALIZED_AUTOS = YES_AGGRESSIVE;
				GCC_WARN_UNUSED_FUNCTION = YES;
				GCC_WARN_UNUSED_VARIABLE = YES;
				IPHONEOS_DEPLOYMENT_TARGET = 13.2;
				MTL_ENABLE_DEBUG_INFO = NO;
				MTL_FAST_MATH = YES;
				SDKROOT = iphoneos;
				SWIFT_COMPILATION_MODE = wholemodule;
				SWIFT_OPTIMIZATION_LEVEL = "-O";
				VALIDATE_PRODUCT = YES;
			};
			name = Release;
		};
		5A5047C5248EBEBE00044DCA /* Debug */ = {
			isa = XCBuildConfiguration;
			buildSettings = {
				ASSETCATALOG_COMPILER_APPICON_NAME = AppIcon;
				CODE_SIGN_STYLE = Automatic;
				DEVELOPMENT_ASSET_PATHS = "\"swiftUIPractise/Preview Content\"";
				ENABLE_PREVIEWS = YES;
				INFOPLIST_FILE = swiftUIPractise/Info.plist;
				LD_RUNPATH_SEARCH_PATHS = (
					"$(inherited)",
					"@executable_path/Frameworks",
				);
				PRODUCT_BUNDLE_IDENTIFIER = com.saketviswa.swiftUIPractise;
				PRODUCT_NAME = "$(TARGET_NAME)";
				SWIFT_VERSION = 5.0;
				TARGETED_DEVICE_FAMILY = "1,2";
			};
			name = Debug;
		};
		5A5047C6248EBEBE00044DCA /* Release */ = {
			isa = XCBuildConfiguration;
			buildSettings = {
				ASSETCATALOG_COMPILER_APPICON_NAME = AppIcon;
				CODE_SIGN_STYLE = Automatic;
				DEVELOPMENT_ASSET_PATHS = "\"swiftUIPractise/Preview Content\"";
				ENABLE_PREVIEWS = YES;
				INFOPLIST_FILE = swiftUIPractise/Info.plist;
				LD_RUNPATH_SEARCH_PATHS = (
					"$(inherited)",
					"@executable_path/Frameworks",
				);
				PRODUCT_BUNDLE_IDENTIFIER = com.saketviswa.swiftUIPractise;
				PRODUCT_NAME = "$(TARGET_NAME)";
				SWIFT_VERSION = 5.0;
				TARGETED_DEVICE_FAMILY = "1,2";
			};
			name = Release;
		};
/* End XCBuildConfiguration section */

/* Begin XCConfigurationList section */
		5A5047AB248EBEBC00044DCA /* Build configuration list for PBXProject "swiftUIPractise" */ = {
			isa = XCConfigurationList;
			buildConfigurations = (
				5A5047C2248EBEBE00044DCA /* Debug */,
				5A5047C3248EBEBE00044DCA /* Release */,
			);
			defaultConfigurationIsVisible = 0;
			defaultConfigurationName = Release;
		};
		5A5047C4248EBEBE00044DCA /* Build configuration list for PBXNativeTarget "swiftUIPractise" */ = {
			isa = XCConfigurationList;
			buildConfigurations = (
				5A5047C5248EBEBE00044DCA /* Debug */,
				5A5047C6248EBEBE00044DCA /* Release */,
			);
			defaultConfigurationIsVisible = 0;
			defaultConfigurationName = Release;
		};
/* End XCConfigurationList section */
	};
	rootObject = 5A5047A8248EBEBC00044DCA /* Project object */;
}
